# This file is autogenerated, do not edit; changes may be undone by the next 'dep ensure'.


[[projects]]
  branch = "master"
  name = "github.com/Philipp15b/go-steam"
  packages = [".","cryptoutil","netutil","protocol","protocol/gamecoordinator","protocol/protobuf","protocol/steamlang","rwu","socialcache","steamid"]
  revision = "cc80fb24c6cf07bd621967c025f9c2e94baa9214"
  source = "github.com/faceit/go-steam"

[[projects]]
  name = "github.com/Sirupsen/logrus"
  packages = ["."]
  revision = "d682213848ed68c0a260ca37d6dd5ace8423f5ba"
  version = "v1.0.4"

[[projects]]
  branch = "master"
  name = "github.com/golang/protobuf"
  packages = ["proto","protoc-gen-go/descriptor"]
  revision = "925541529c1fa6821df4e44ce2723319eb2be768"

[[projects]]
  branch = "master"
  name = "golang.org/x/crypto"
  packages = ["ssh/terminal"]
  revision = "0efb9460aaf800c6376acf625be2853bceac2e06"

[[projects]]
  branch = "master"
  name = "golang.org/x/sys"
  packages = ["unix","windows"]
  revision = "ff2a66f350cefa5c93a634eadb5d25bb60c85a9c"

[solve-meta]
  analyzer-name = "dep"
  analyzer-version = 1
  inputs-digest = "7dfc0654a2933a0202840a1ba38331ef6e8a3e3750ecadd30197b2e71df75f22"
  solver-name = "gps-cdcl"
  solver-version = 1
